
Microsoft Visual Studio Solution File, Format Version 12.00
# Visual Studio Version 16
VisualStudioVersion = 16.0.29324.140
MinimumVisualStudioVersion = 10.0.40219.1
Project("{9A19103F-16F7-4668-BE54-9A1E7A4F7556}") = "ChuckNorrisJokesConsole", "ChuckNorrisJokesConsole\ChuckNorrisJokesConsole.csproj", "{70364A5C-B021-4A0A-B15E-5917F9C858AA}"
EndProject
Project("{9A19103F-16F7-4668-BE54-9A1E7A4F7556}") = "ChuckNorrisJokesLibrary", "ChuckNorrisJokesLibrary\ChuckNorrisJokesLibrary.csproj", "{7A73B02A-C3E7-4770-9E7F-5833FEE46105}"
EndProject
Project("{FAE04EC0-301F-11D3-BF4B-00C04F79EFBC}") = "ChuckNorrisJokes.wpf", "ChuckNorrisJokes.wpf\ChuckNorrisJokes.wpf.csproj", "{ED47E001-E419-439E-92E3-9DFA69D8E309}"
EndProject
Global
	GlobalSection(SolutionConfigurationPlatforms) = preSolution
		Debug|Any CPU = Debug|Any CPU
		Release|Any CPU = Release|Any CPU
	EndGlobalSection
	GlobalSection(ProjectConfigurationPlatforms) = postSolution
		{70364A5C-B021-4A0A-B15E-5917F9C858AA}.Debug|Any CPU.ActiveCfg = Debug|Any CPU
		{70364A5C-B021-4A0A-B15E-5917F9C858AA}.Debug|Any CPU.Build.0 = Debug|Any CPU
		{70364A5C-B021-4A0A-B15E-5917F9C858AA}.Release|Any CPU.ActiveCfg = Release|Any CPU
		{70364A5C-B021-4A0A-B15E-5917F9C858AA}.Release|Any CPU.Build.0 = Release|Any CPU
		{7A73B02A-C3E7-4770-9E7F-5833FEE46105}.Debug|Any CPU.ActiveCfg = Debug|Any CPU
		{7A73B02A-C3E7-4770-9E7F-5833FEE46105}.Debug|Any CPU.Build.0 = Debug|Any CPU
		{7A73B02A-C3E7-4770-9E7F-5833FEE46105}.Release|Any CPU.ActiveCfg = Release|Any CPU
		{7A73B02A-C3E7-4770-9E7F-5833FEE46105}.Release|Any CPU.Build.0 = Release|Any CPU
		{ED47E001-E419-439E-92E3-9DFA69D8E309}.Debug|Any CPU.ActiveCfg = Debug|Any CPU
		{ED47E001-E419-439E-92E3-9DFA69D8E309}.Debug|Any CPU.Build.0 = Debug|Any CPU
		{ED47E001-E419-439E-92E3-9DFA69D8E309}.Release|Any CPU.ActiveCfg = Release|Any CPU
		{ED47E001-E419-439E-92E3-9DFA69D8E309}.Release|Any CPU.Build.0 = Release|Any CPU
	EndGlobalSection
	GlobalSection(SolutionProperties) = preSolution
		HideSolutionNode = FALSE
	EndGlobalSection
	GlobalSection(ExtensibilityGlobals) = postSolution
		SolutionGuid = {649A279D-D259-4631-A324-22D5ECB4252C}
	EndGlobalSection
EndGlobal
